
Microsoft Visual Studio Solution File, Format Version 12.00
# Visual Studio 15
VisualStudioVersion = 15.0.27703.2018
MinimumVisualStudioVersion = 10.0.40219.1
Project("{FAE04EC0-301F-11D3-BF4B-00C04F79EFBC}") = "SQLite01", "SQLite01\SQLite01.csproj", "{34CF990D-5AA0-4659-AD4F-528785089F9F}"
EndProject
Global
	GlobalSection(SolutionConfigurationPlatforms) = preSolution
		Debug|Any CPU = Debug|Any CPU
		Release|Any CPU = Release|Any CPU
	EndGlobalSection
	GlobalSection(ProjectConfigurationPlatforms) = postSolution
		{34CF990D-5AA0-4659-AD4F-528785089F9F}.Debug|Any CPU.ActiveCfg = Debug|Any CPU
		{34CF990D-5AA0-4659-AD4F-528785089F9F}.Debug|Any CPU.Build.0 = Debug|Any CPU
		{34CF990D-5AA0-4659-AD4F-528785089F9F}.Release|Any CPU.ActiveCfg = Release|Any CPU
		{34CF990D-5AA0-4659-AD4F-528785089F9F}.Release|Any CPU.Build.0 = Release|Any CPU
	EndGlobalSection
	GlobalSection(SolutionProperties) = preSolution
		HideSolutionNode = FALSE
	EndGlobalSection
	GlobalSection(ExtensibilityGlobals) = postSolution
		SolutionGuid = {6A1DD1F9-E3F3-43A7-BA31-78B166922365}
	EndGlobalSection
EndGlobal
