
Microsoft Visual Studio Solution File, Format Version 12.00
# Visual Studio 15
VisualStudioVersion = 15.0.28307.168
MinimumVisualStudioVersion = 10.0.40219.1
Project("{FAE04EC0-301F-11D3-BF4B-00C04F79EFBC}") = "Testing", "Testing\Testing.csproj", "{754C719C-1B93-4AD0-9B21-39646D511612}"
EndProject
Project("{FAE04EC0-301F-11D3-BF4B-00C04F79EFBC}") = "XUnitTestProject1", "XUnitTestProject1\XUnitTestProject1.csproj", "{75D131D6-B38F-4E87-A08A-A9D545594460}"
EndProject
Project("{FAE04EC0-301F-11D3-BF4B-00C04F79EFBC}") = "NUnitTestProject1", "NUnitTestProject1\NUnitTestProject1.csproj", "{4BD7EE40-B532-421F-878C-A6FABEE66B07}"
EndProject
Project("{FAE04EC0-301F-11D3-BF4B-00C04F79EFBC}") = "UnitTestProject1", "UnitTestProject1\UnitTestProject1.csproj", "{BA43B1ED-0195-4D5E-BD67-F2DE4487F88B}"
EndProject
Global
	GlobalSection(SolutionConfigurationPlatforms) = preSolution
		Debug|Any CPU = Debug|Any CPU
		Release|Any CPU = Release|Any CPU
	EndGlobalSection
	GlobalSection(ProjectConfigurationPlatforms) = postSolution
		{754C719C-1B93-4AD0-9B21-39646D511612}.Debug|Any CPU.ActiveCfg = Debug|Any CPU
		{754C719C-1B93-4AD0-9B21-39646D511612}.Debug|Any CPU.Build.0 = Debug|Any CPU
		{754C719C-1B93-4AD0-9B21-39646D511612}.Release|Any CPU.ActiveCfg = Release|Any CPU
		{754C719C-1B93-4AD0-9B21-39646D511612}.Release|Any CPU.Build.0 = Release|Any CPU
		{75D131D6-B38F-4E87-A08A-A9D545594460}.Debug|Any CPU.ActiveCfg = Debug|Any CPU
		{75D131D6-B38F-4E87-A08A-A9D545594460}.Debug|Any CPU.Build.0 = Debug|Any CPU
		{75D131D6-B38F-4E87-A08A-A9D545594460}.Release|Any CPU.ActiveCfg = Release|Any CPU
		{75D131D6-B38F-4E87-A08A-A9D545594460}.Release|Any CPU.Build.0 = Release|Any CPU
		{4BD7EE40-B532-421F-878C-A6FABEE66B07}.Debug|Any CPU.ActiveCfg = Debug|Any CPU
		{4BD7EE40-B532-421F-878C-A6FABEE66B07}.Debug|Any CPU.Build.0 = Debug|Any CPU
		{4BD7EE40-B532-421F-878C-A6FABEE66B07}.Release|Any CPU.ActiveCfg = Release|Any CPU
		{4BD7EE40-B532-421F-878C-A6FABEE66B07}.Release|Any CPU.Build.0 = Release|Any CPU
		{BA43B1ED-0195-4D5E-BD67-F2DE4487F88B}.Debug|Any CPU.ActiveCfg = Debug|Any CPU
		{BA43B1ED-0195-4D5E-BD67-F2DE4487F88B}.Debug|Any CPU.Build.0 = Debug|Any CPU
		{BA43B1ED-0195-4D5E-BD67-F2DE4487F88B}.Release|Any CPU.ActiveCfg = Release|Any CPU
		{BA43B1ED-0195-4D5E-BD67-F2DE4487F88B}.Release|Any CPU.Build.0 = Release|Any CPU
	EndGlobalSection
	GlobalSection(SolutionProperties) = preSolution
		HideSolutionNode = FALSE
	EndGlobalSection
	GlobalSection(ExtensibilityGlobals) = postSolution
		SolutionGuid = {D656407B-7031-402A-BA71-BB3CACCDECAB}
	EndGlobalSection
EndGlobal
